Microsoft Visual Studio Solution File, Format Version 12.00
# Visual Studio 14
VisualStudioVersion = 14.0.24720.0
MinimumVisualStudioVersion = 10.0.40219.1
Project("{FAE04EC0-301F-11D3-BF4B-00C04F79EFBC}") = "SelfCheckout", "SelfCheckout\SelfCheckout.csproj", "{EE51F455-E78F-48E5-9FFC-0F5F07F2B52A}"
EndProject
Project("{2150E333-8FDC-42A3-9474-1A3956D46DE8}") = "UnitTests", "UnitTests", "{CAA07BA8-F3AD-4026-9227-3CC4612573C9}"
EndProject
Project("{FAE04EC0-301F-11D3-BF4B-00C04F79EFBC}") = "SelfCheckout.UnitTests", "SelfCheckout.UnitTests\SelfCheckout.UnitTests.csproj", "{43B5B5DA-9566-40E0-9AD3-9C9C734C5422}"
EndProject
Project("{FAE04EC0-301F-11D3-BF4B-00C04F79EFBC}") = "SelfCheckout.Kiosk.UnitTests", "SelfCheckout.Kiosk.UnitTests\SelfCheckout.Kiosk.UnitTests.csproj", "{2FE2683F-4C12-496D-9484-CA34251EF6F1}"
EndProject
Project("{FAE04EC0-301F-11D3-BF4B-00C04F79EFBC}") = "SelfCheckout.IntegrationTests", "SelfCheckout.IntegrationTests\SelfCheckout.IntegrationTests.csproj", "{B2E19F56-FFAA-4E06-8D42-E1A339F06FC8}"
EndProject
Project("{FAE04EC0-301F-11D3-BF4B-00C04F79EFBC}") = "SelfCheckout.Kiosk", "SelfCheckout.Kiosk\SelfCheckout.Kiosk.csproj", "{418A9A07-85F9-4E63-82D0-9DFFB7F181FB}"
EndProject
Project("{2150E333-8FDC-42A3-9474-1A3956D46DE8}") = "Solution Items", "Solution Items", "{33118B7C-B624-4870-9F50-E2480DC275A6}"
	ProjectSection(SolutionItems) = preProject
		..\..\data\Item.json = ..\..\data\Item.json
	EndProjectSection
EndProject
Project("{2150E333-8FDC-42A3-9474-1A3956D46DE8}") = "Cart", "Cart", "{A7C3C2DD-F7C9-46A6-BDF8-81F16E76B094}"
	ProjectSection(SolutionItems) = preProject
		..\..\data\Cart\Cart1.txt = ..\..\data\Cart\Cart1.txt
		..\..\data\Cart\Cart2.txt = ..\..\data\Cart\Cart2.txt
		..\..\data\Cart\Cart3.txt = ..\..\data\Cart\Cart3.txt
	EndProjectSection
EndProject
Global
	GlobalSection(SolutionConfigurationPlatforms) = preSolution
		Debug|Any CPU = Debug|Any CPU
		Release|Any CPU = Release|Any CPU
	EndGlobalSection
	GlobalSection(ProjectConfigurationPlatforms) = postSolution
		{EE51F455-E78F-48E5-9FFC-0F5F07F2B52A}.Debug|Any CPU.ActiveCfg = Debug|Any CPU
		{EE51F455-E78F-48E5-9FFC-0F5F07F2B52A}.Debug|Any CPU.Build.0 = Debug|Any CPU
		{EE51F455-E78F-48E5-9FFC-0F5F07F2B52A}.Release|Any CPU.ActiveCfg = Release|Any CPU
		{EE51F455-E78F-48E5-9FFC-0F5F07F2B52A}.Release|Any CPU.Build.0 = Release|Any CPU
		{43B5B5DA-9566-40E0-9AD3-9C9C734C5422}.Debug|Any CPU.ActiveCfg = Debug|Any CPU
		{43B5B5DA-9566-40E0-9AD3-9C9C734C5422}.Debug|Any CPU.Build.0 = Debug|Any CPU
		{43B5B5DA-9566-40E0-9AD3-9C9C734C5422}.Release|Any CPU.ActiveCfg = Release|Any CPU
		{43B5B5DA-9566-40E0-9AD3-9C9C734C5422}.Release|Any CPU.Build.0 = Release|Any CPU
		{2FE2683F-4C12-496D-9484-CA34251EF6F1}.Debug|Any CPU.ActiveCfg = Debug|Any CPU
		{2FE2683F-4C12-496D-9484-CA34251EF6F1}.Debug|Any CPU.Build.0 = Debug|Any CPU
		{2FE2683F-4C12-496D-9484-CA34251EF6F1}.Release|Any CPU.ActiveCfg = Release|Any CPU
		{2FE2683F-4C12-496D-9484-CA34251EF6F1}.Release|Any CPU.Build.0 = Release|Any CPU
		{B2E19F56-FFAA-4E06-8D42-E1A339F06FC8}.Debug|Any CPU.ActiveCfg = Debug|Any CPU
		{B2E19F56-FFAA-4E06-8D42-E1A339F06FC8}.Debug|Any CPU.Build.0 = Debug|Any CPU
		{B2E19F56-FFAA-4E06-8D42-E1A339F06FC8}.Release|Any CPU.ActiveCfg = Release|Any CPU
		{B2E19F56-FFAA-4E06-8D42-E1A339F06FC8}.Release|Any CPU.Build.0 = Release|Any CPU
		{418A9A07-85F9-4E63-82D0-9DFFB7F181FB}.Debug|Any CPU.ActiveCfg = Debug|Any CPU
		{418A9A07-85F9-4E63-82D0-9DFFB7F181FB}.Debug|Any CPU.Build.0 = Debug|Any CPU
		{418A9A07-85F9-4E63-82D0-9DFFB7F181FB}.Release|Any CPU.ActiveCfg = Release|Any CPU
		{418A9A07-85F9-4E63-82D0-9DFFB7F181FB}.Release|Any CPU.Build.0 = Release|Any CPU
	EndGlobalSection
	GlobalSection(SolutionProperties) = preSolution
		HideSolutionNode = FALSE
	EndGlobalSection
	GlobalSection(NestedProjects) = preSolution
		{43B5B5DA-9566-40E0-9AD3-9C9C734C5422} = {CAA07BA8-F3AD-4026-9227-3CC4612573C9}
		{2FE2683F-4C12-496D-9484-CA34251EF6F1} = {CAA07BA8-F3AD-4026-9227-3CC4612573C9}
		{B2E19F56-FFAA-4E06-8D42-E1A339F06FC8} = {CAA07BA8-F3AD-4026-9227-3CC4612573C9}
		{A7C3C2DD-F7C9-46A6-BDF8-81F16E76B094} = {33118B7C-B624-4870-9F50-E2480DC275A6}
	EndGlobalSection
EndGlobal
